// !$*UTF8*$!
{
	archiveVersion = 1;
	classes = {
	};
	objectVersion = 56;
	objects = {

/* Begin PBXBuildFile section */
		8D7D5A692CF758CC00155327 /* AppDelegate.swift in Sources */ = {isa = PBXBuildFile; fileRef = 8D7D5A682CF758CC00155327 /* AppDelegate.swift */; };
		8D7D5A6B2CF758CC00155327 /* SceneDelegate.swift in Sources */ = {isa = PBXBuildFile; fileRef = 8D7D5A6A2CF758CC00155327 /* SceneDelegate.swift */; };
		8D7D5A6D2CF758CC00155327 /* ViewController.swift in Sources */ = {isa = PBXBuildFile; fileRef = 8D7D5A6C2CF758CC00155327 /* ViewController.swift */; };
		8D7D5A702CF758CC00155327 /* Base in Resources */ = {isa = PBXBuildFile; fileRef = 8D7D5A6F2CF758CC00155327 /* Base */; };
		8D7D5A722CF758CE00155327 /* Assets.xcassets in Resources */ = {isa = PBXBuildFile; fileRef = 8D7D5A712CF758CE00155327 /* Assets.xcassets */; };
		8D7D5A752CF758CE00155327 /* Base in Resources */ = {isa = PBXBuildFile; fileRef = 8D7D5A742CF758CE00155327 /* Base */; };
		8D7D5A7D2CF8BE7500155327 /* SourceTextController.swift in Sources */ = {isa = PBXBuildFile; fileRef = 8D7D5A7C2CF8BE7500155327 /* SourceTextController.swift */; };
		8D7D5A802CF9FDA800155327 /* IQKeyboardManagerSwift in Frameworks */ = {isa = PBXBuildFile; productRef = 8D7D5A7F2CF9FDA800155327 /* IQKeyboardManagerSwift */; };
		8D7D5A862CFA0AEB00155327 /* Down in Frameworks */ = {isa = PBXBuildFile; productRef = 8D7D5A852CFA0AEB00155327 /* Down */; };
		8DA200002CFF506100E679EC /* GitHubService.swift in Sources */ = {isa = PBXBuildFile; fileRef = 8DA2FFFF2CFF506100E679EC /* GitHubService.swift */; };
		8DA200022CFF50B200E679EC /* Config.xcconfig in Resources */ = {isa = PBXBuildFile; fileRef = 8DA200012CFF50B200E679EC /* Config.xcconfig */; };
		8DA2FFFE2CFB512C00E679EC /* SwiftDown in Frameworks */ = {isa = PBXBuildFile; productRef = 8DA2FFFD2CFB512C00E679EC /* SwiftDown */; };
/* End PBXBuildFile section */

/* Begin PBXFileReference section */
		8D7D5A652CF758CC00155327 /* zola-app.app */ = {isa = PBXFileReference; explicitFileType = wrapper.application; includeInIndex = 0; path = "zola-app.app"; sourceTree = BUILT_PRODUCTS_DIR; };
		8D7D5A682CF758CC00155327 /* AppDelegate.swift */ = {isa = PBXFileReference; lastKnownFileType = sourcecode.swift; path = AppDelegate.swift; sourceTree = "<group>"; };
		8D7D5A6A2CF758CC00155327 /* SceneDelegate.swift */ = {isa = PBXFileReference; lastKnownFileType = sourcecode.swift; path = SceneDelegate.swift; sourceTree = "<group>"; };
		8D7D5A6C2CF758CC00155327 /* ViewController.swift */ = {isa = PBXFileReference; lastKnownFileType = sourcecode.swift; path = ViewController.swift; sourceTree = "<group>"; };
		8D7D5A6F2CF758CC00155327 /* Base */ = {isa = PBXFileReference; lastKnownFileType = file.storyboard; name = Base; path = Base.lproj/Main.storyboard; sourceTree = "<group>"; };
		8D7D5A712CF758CE00155327 /* Assets.xcassets */ = {isa = PBXFileReference; lastKnownFileType = folder.assetcatalog; path = Assets.xcassets; sourceTree = "<group>"; };
		8D7D5A742CF758CE00155327 /* Base */ = {isa = PBXFileReference; lastKnownFileType = file.storyboard; name = Base; path = Base.lproj/LaunchScreen.storyboard; sourceTree = "<group>"; };
		8D7D5A762CF758CE00155327 /* Info.plist */ = {isa = PBXFileReference; lastKnownFileType = text.plist.xml; path = Info.plist; sourceTree = "<group>"; };
		8D7D5A7C2CF8BE7500155327 /* SourceTextController.swift */ = {isa = PBXFileReference; lastKnownFileType = sourcecode.swift; path = SourceTextController.swift; sourceTree = "<group>"; };
		8DA200012CFF50B200E679EC /* Config.xcconfig */ = {isa = PBXFileReference; fileEncoding = 4; lastKnownFileType = text.xcconfig; path = Config.xcconfig; sourceTree = "<group>"; };
		8DA200032CFF536B00E679EC /* zola-app.entitlements */ = {isa = PBXFileReference; lastKnownFileType = text.plist.entitlements; path = "zola-app.entitlements"; sourceTree = "<group>"; };
		8DA2FFFF2CFF506100E679EC /* GitHubService.swift */ = {isa = PBXFileReference; fileEncoding = 4; lastKnownFileType = sourcecode.swift; path = GitHubService.swift; sourceTree = "<group>"; };
/* End PBXFileReference section */

/* Begin PBXFrameworksBuildPhase section */
		8D7D5A622CF758CC00155327 /* Frameworks */ = {
			isa = PBXFrameworksBuildPhase;
			buildActionMask = 2147483647;
			files = (
				8D7D5A802CF9FDA800155327 /* IQKeyboardManagerSwift in Frameworks */,
				8D7D5A862CFA0AEB00155327 /* Down in Frameworks */,
				8DA2FFFE2CFB512C00E679EC /* SwiftDown in Frameworks */,
			);
			runOnlyForDeploymentPostprocessing = 0;
		};
/* End PBXFrameworksBuildPhase section */

/* Begin PBXGroup section */
		8D7D5A5C2CF758CB00155327 = {
			isa = PBXGroup;
			children = (
				8D7D5A672CF758CC00155327 /* zola-app */,
				8D7D5A662CF758CC00155327 /* Products */,
			);
			sourceTree = "<group>";
		};
		8D7D5A662CF758CC00155327 /* Products */ = {
			isa = PBXGroup;
			children = (
				8D7D5A652CF758CC00155327 /* zola-app.app */,
			);
			name = Products;
			sourceTree = "<group>";
		};
		8D7D5A672CF758CC00155327 /* zola-app */ = {
			isa = PBXGroup;
			children = (
				8DA200032CFF536B00E679EC /* zola-app.entitlements */,
				8D7D5A682CF758CC00155327 /* AppDelegate.swift */,
				8D7D5A6A2CF758CC00155327 /* SceneDelegate.swift */,
				8D7D5A6C2CF758CC00155327 /* ViewController.swift */,
				8D7D5A6E2CF758CC00155327 /* Main.storyboard */,
				8DA2FFFF2CFF506100E679EC /* GitHubService.swift */,
				8D7D5A7C2CF8BE7500155327 /* SourceTextController.swift */,
				8D7D5A712CF758CE00155327 /* Assets.xcassets */,
				8D7D5A732CF758CE00155327 /* LaunchScreen.storyboard */,
				8D7D5A762CF758CE00155327 /* Info.plist */,
				8DA200012CFF50B200E679EC /* Config.xcconfig */,
			);
			path = "zola-app";
			sourceTree = "<group>";
		};
/* End PBXGroup section */

/* Begin PBXNativeTarget section */
		8D7D5A642CF758CC00155327 /* zola-app */ = {
			isa = PBXNativeTarget;
			buildConfigurationList = 8D7D5A792CF758CE00155327 /* Build configuration list for PBXNativeTarget "zola-app" */;
			buildPhases = (
				8D7D5A612CF758CC00155327 /* Sources */,
				8D7D5A622CF758CC00155327 /* Frameworks */,
				8D7D5A632CF758CC00155327 /* Resources */,
			);
			buildRules = (
			);
			dependencies = (
			);
			name = "zola-app";
			packageProductDependencies = (
				8D7D5A7F2CF9FDA800155327 /* IQKeyboardManagerSwift */,
				8D7D5A852CFA0AEB00155327 /* Down */,
				8DA2FFFD2CFB512C00E679EC /* SwiftDown */,
			);
			productName = "zola-app";
			productReference = 8D7D5A652CF758CC00155327 /* zola-app.app */;
			productType = "com.apple.product-type.application";
		};
/* End PBXNativeTarget section */

/* Begin PBXProject section */
		8D7D5A5D2CF758CB00155327 /* Project object */ = {
			isa = PBXProject;
			attributes = {
				BuildIndependentTargetsInParallel = 1;
				LastSwiftUpdateCheck = 1540;
				LastUpgradeCheck = 1540;
				TargetAttributes = {
					8D7D5A642CF758CC00155327 = {
						CreatedOnToolsVersion = 15.4;
					};
				};
			};
			buildConfigurationList = 8D7D5A602CF758CB00155327 /* Build configuration list for PBXProject "zola-app" */;
			compatibilityVersion = "Xcode 14.0";
			developmentRegion = en;
			hasScannedForEncodings = 0;
			knownRegions = (
				en,
				Base,
			);
			mainGroup = 8D7D5A5C2CF758CB00155327;
			packageReferences = (
				8D7D5A7E2CF9FDA800155327 /* XCRemoteSwiftPackageReference "IQKeyboardManager" */,
				8D7D5A812CFA045B00155327 /* XCRemoteSwiftPackageReference "MarkdownView" */,
				8D7D5A842CFA0AEB00155327 /* XCRemoteSwiftPackageReference "Down" */,
				8DA2FFFC2CFB512C00E679EC /* XCRemoteSwiftPackageReference "SwiftDown" */,
			);
			productRefGroup = 8D7D5A662CF758CC00155327 /* Products */;
			projectDirPath = "";
			projectRoot = "";
			targets = (
				8D7D5A642CF758CC00155327 /* zola-app */,
			);
		};
/* End PBXProject section */

/* Begin PBXResourcesBuildPhase section */
		8D7D5A632CF758CC00155327 /* Resources */ = {
			isa = PBXResourcesBuildPhase;
			buildActionMask = 2147483647;
			files = (
				8DA200022CFF50B200E679EC /* Config.xcconfig in Resources */,
				8D7D5A722CF758CE00155327 /* Assets.xcassets in Resources */,
				8D7D5A752CF758CE00155327 /* Base in Resources */,
				8D7D5A702CF758CC00155327 /* Base in Resources */,
			);
			runOnlyForDeploymentPostprocessing = 0;
		};
/* End PBXResourcesBuildPhase section */

/* Begin PBXSourcesBuildPhase section */
		8D7D5A612CF758CC00155327 /* Sources */ = {
			isa = PBXSourcesBuildPhase;
			buildActionMask = 2147483647;
			files = (
				8DA200002CFF506100E679EC /* GitHubService.swift in Sources */,
				8D7D5A6D2CF758CC00155327 /* ViewController.swift in Sources */,
				8D7D5A692CF758CC00155327 /* AppDelegate.swift in Sources */,
				8D7D5A6B2CF758CC00155327 /* SceneDelegate.swift in Sources */,
				8D7D5A7D2CF8BE7500155327 /* SourceTextController.swift in Sources */,
			);
			runOnlyForDeploymentPostprocessing = 0;
		};
/* End PBXSourcesBuildPhase section */

/* Begin PBXVariantGroup section */
		8D7D5A6E2CF758CC00155327 /* Main.storyboard */ = {
			isa = PBXVariantGroup;
			children = (
				8D7D5A6F2CF758CC00155327 /* Base */,
			);
			name = Main.storyboard;
			sourceTree = "<group>";
		};
		8D7D5A732CF758CE00155327 /* LaunchScreen.storyboard */ = {
			isa = PBXVariantGroup;
			children = (
				8D7D5A742CF758CE00155327 /* Base */,
			);
			name = LaunchScreen.storyboard;
			sourceTree = "<group>";
		};
/* End PBXVariantGroup section */

/* Begin XCBuildConfiguration section */
		8D7D5A772CF758CE00155327 /* Debug */ = {
			isa = XCBuildConfiguration;
			baseConfigurationReference = 8DA200012CFF50B200E679EC /* Config.xcconfig */;
			buildSettings = {
				ALWAYS_SEARCH_USER_PATHS = NO;
				ASSETCATALOG_COMPILER_GENERATE_SWIFT_ASSET_SYMBOL_EXTENSIONS = YES;
				CLANG_ANALYZER_NONNULL = YES;
				CLANG_ANALYZER_NUMBER_OBJECT_CONVERSION = YES_AGGRESSIVE;
				CLANG_CXX_LANGUAGE_STANDARD = "gnu++20";
				CLANG_ENABLE_MODULES = YES;
				CLANG_ENABLE_OBJC_ARC = YES;
				CLANG_ENABLE_OBJC_WEAK = YES;
				CLANG_WARN_BLOCK_CAPTURE_AUTORELEASING = YES;
				CLANG_WARN_BOOL_CONVERSION = YES;
				CLANG_WARN_COMMA = YES;
				CLANG_WARN_CONSTANT_CONVERSION = YES;
				CLANG_WARN_DEPRECATED_OBJC_IMPLEMENTATIONS = YES;
				CLANG_WARN_DIRECT_OBJC_ISA_USAGE = YES_ERROR;
				CLANG_WARN_DOCUMENTATION_COMMENTS = YES;
				CLANG_WARN_EMPTY_BODY = YES;
				CLANG_WARN_ENUM_CONVERSION = YES;
				CLANG_WARN_INFINITE_RECURSION = YES;
				CLANG_WARN_INT_CONVERSION = YES;
				CLANG_WARN_NON_LITERAL_NULL_CONVERSION = YES;
				CLANG_WARN_OBJC_IMPLICIT_RETAIN_SELF = YES;
				CLANG_WARN_OBJC_LITERAL_CONVERSION = YES;
				CLANG_WARN_OBJC_ROOT_CLASS = YES_ERROR;
				CLANG_WARN_QUOTED_INCLUDE_IN_FRAMEWORK_HEADER = YES;
				CLANG_WARN_RANGE_LOOP_ANALYSIS = YES;
				CLANG_WARN_STRICT_PROTOTYPES = YES;
				CLANG_WARN_SUSPICIOUS_MOVE = YES;
				CLANG_WARN_UNGUARDED_AVAILABILITY = YES_AGGRESSIVE;
				CLANG_WARN_UNREACHABLE_CODE = YES;
				CLANG_WARN__DUPLICATE_METHOD_MATCH = YES;
				COPY_PHASE_STRIP = NO;
				DEBUG_INFORMATION_FORMAT = dwarf;
				ENABLE_STRICT_OBJC_MSGSEND = YES;
				ENABLE_TESTABILITY = YES;
				ENABLE_USER_SCRIPT_SANDBOXING = YES;
				GCC_C_LANGUAGE_STANDARD = gnu17;
				GCC_DYNAMIC_NO_PIC = NO;
				GCC_NO_COMMON_BLOCKS = YES;
				GCC_OPTIMIZATION_LEVEL = 0;
				GCC_PREPROCESSOR_DEFINITIONS = (
					"DEBUG=1",
					"$(inherited)",
				);
				GCC_WARN_64_TO_32_BIT_CONVERSION = YES;
				GCC_WARN_ABOUT_RETURN_TYPE = YES_ERROR;
				GCC_WARN_UNDECLARED_SELECTOR = YES;
				GCC_WARN_UNINITIALIZED_AUTOS = YES_AGGRESSIVE;
				GCC_WARN_UNUSED_FUNCTION = YES;
				GCC_WARN_UNUSED_VARIABLE = YES;
				IPHONEOS_DEPLOYMENT_TARGET = 13.0;
				LOCALIZATION_PREFERS_STRING_CATALOGS = YES;
				MTL_ENABLE_DEBUG_INFO = INCLUDE_SOURCE;
				MTL_FAST_MATH = YES;
				ONLY_ACTIVE_ARCH = YES;
				SDKROOT = iphoneos;
				SWIFT_ACTIVE_COMPILATION_CONDITIONS = "DEBUG $(inherited)";
				SWIFT_OPTIMIZATION_LEVEL = "-Onone";
			};
			name = Debug;
		};
		8D7D5A782CF758CE00155327 /* Release */ = {
			isa = XCBuildConfiguration;
			buildSettings = {
				ALWAYS_SEARCH_USER_PATHS = NO;
				ASSETCATALOG_COMPILER_GENERATE_SWIFT_ASSET_SYMBOL_EXTENSIONS = YES;
				CLANG_ANALYZER_NONNULL = YES;
				CLANG_ANALYZER_NUMBER_OBJECT_CONVERSION = YES_AGGRESSIVE;
				CLANG_CXX_LANGUAGE_STANDARD = "gnu++20";
				CLANG_ENABLE_MODULES = YES;
				CLANG_ENABLE_OBJC_ARC = YES;
				CLANG_ENABLE_OBJC_WEAK = YES;
				CLANG_WARN_BLOCK_CAPTURE_AUTORELEASING = YES;
				CLANG_WARN_BOOL_CONVERSION = YES;
				CLANG_WARN_COMMA = YES;
				CLANG_WARN_CONSTANT_CONVERSION = YES;
				CLANG_WARN_DEPRECATED_OBJC_IMPLEMENTATIONS = YES;
				CLANG_WARN_DIRECT_OBJC_ISA_USAGE = YES_ERROR;
				CLANG_WARN_DOCUMENTATION_COMMENTS = YES;
				CLANG_WARN_EMPTY_BODY = YES;
				CLANG_WARN_ENUM_CONVERSION = YES;
				CLANG_WARN_INFINITE_RECURSION = YES;
				CLANG_WARN_INT_CONVERSION = YES;
				CLANG_WARN_NON_LITERAL_NULL_CONVERSION = YES;
				CLANG_WARN_OBJC_IMPLICIT_RETAIN_SELF = YES;
				CLANG_WARN_OBJC_LITERAL_CONVERSION = YES;
				CLANG_WARN_OBJC_ROOT_CLASS = YES_ERROR;
				CLANG_WARN_QUOTED_INCLUDE_IN_FRAMEWORK_HEADER = YES;
				CLANG_WARN_RANGE_LOOP_ANALYSIS = YES;
				CLANG_WARN_STRICT_PROTOTYPES = YES;
				CLANG_WARN_SUSPICIOUS_MOVE = YES;
				CLANG_WARN_UNGUARDED_AVAILABILITY = YES_AGGRESSIVE;
				CLANG_WARN_UNREACHABLE_CODE = YES;
				CLANG_WARN__DUPLICATE_METHOD_MATCH = YES;
				COPY_PHASE_STRIP = NO;
				DEBUG_INFORMATION_FORMAT = "dwarf-with-dsym";
				ENABLE_NS_ASSERTIONS = NO;
				ENABLE_STRICT_OBJC_MSGSEND = YES;
				ENABLE_USER_SCRIPT_SANDBOXING = YES;
				GCC_C_LANGUAGE_STANDARD = gnu17;
				GCC_NO_COMMON_BLOCKS = YES;
				GCC_WARN_64_TO_32_BIT_CONVERSION = YES;
				GCC_WARN_ABOUT_RETURN_TYPE = YES_ERROR;
				GCC_WARN_UNDECLARED_SELECTOR = YES;
				GCC_WARN_UNINITIALIZED_AUTOS = YES_AGGRESSIVE;
				GCC_WARN_UNUSED_FUNCTION = YES;
				GCC_WARN_UNUSED_VARIABLE = YES;
				IPHONEOS_DEPLOYMENT_TARGET = 13.0;
				LOCALIZATION_PREFERS_STRING_CATALOGS = YES;
				MTL_ENABLE_DEBUG_INFO = NO;
				MTL_FAST_MATH = YES;
				SDKROOT = iphoneos;
				SWIFT_COMPILATION_MODE = wholemodule;
				VALIDATE_PRODUCT = YES;
			};
			name = Release;
		};
		8D7D5A7A2CF758CE00155327 /* Debug */ = {
			isa = XCBuildConfiguration;
			baseConfigurationReference = 8DA200012CFF50B200E679EC /* Config.xcconfig */;
			buildSettings = {
				ASSETCATALOG_COMPILER_APPICON_NAME = AppIcon;
				ASSETCATALOG_COMPILER_GLOBAL_ACCENT_COLOR_NAME = AccentColor;
				CODE_SIGN_ENTITLEMENTS = "zola-app/zola-app.entitlements";
				"CODE_SIGN_IDENTITY[sdk=macosx*]" = "Apple Development";
				CODE_SIGN_STYLE = Automatic;
				CURRENT_PROJECT_VERSION = 1;
				DEVELOPMENT_TEAM = TY5D58VV85;
				GENERATE_INFOPLIST_FILE = YES;
				INFOPLIST_FILE = "zola-app/Info.plist";
				INFOPLIST_KEY_UIApplicationSupportsIndirectInputEvents = YES;
				INFOPLIST_KEY_UILaunchStoryboardName = LaunchScreen;
				INFOPLIST_KEY_UIMainStoryboardFile = Main;
				INFOPLIST_KEY_UISupportedInterfaceOrientations_iPad = "UIInterfaceOrientationPortrait UIInterfaceOrientationPortraitUpsideDown UIInterfaceOrientationLandscapeLeft UIInterfaceOrientationLandscapeRight";
				INFOPLIST_KEY_UISupportedInterfaceOrientations_iPhone = "UIInterfaceOrientationPortrait UIInterfaceOrientationLandscapeLeft UIInterfaceOrientationLandscapeRight";
				IPHONEOS_DEPLOYMENT_TARGET = 13.0;
				LD_RUNPATH_SEARCH_PATHS = (
					"$(inherited)",
					"@executable_path/Frameworks",
				);
				MARKETING_VERSION = 1.0;
				PRODUCT_BUNDLE_IDENTIFIER = "online.linxz.zola-app";
				PRODUCT_NAME = "$(TARGET_NAME)";
				SUPPORTED_PLATFORMS = "iphoneos iphonesimulator";
				SUPPORTS_MACCATALYST = YES;
				SWIFT_EMIT_LOC_STRINGS = YES;
				SWIFT_VERSION = 5.0;
				TARGETED_DEVICE_FAMILY = "1,2";
			};
			name = Debug;
		};
		8D7D5A7B2CF758CE00155327 /* Release */ = {
			isa = XCBuildConfiguration;
			buildSettings = {
				ASSETCATALOG_COMPILER_APPICON_NAME = AppIcon;
				ASSETCATALOG_COMPILER_GLOBAL_ACCENT_COLOR_NAME = AccentColor;
				CODE_SIGN_ENTITLEMENTS = "zola-app/zola-app.entitlements";
				CODE_SIGN_STYLE = Automatic;
				CURRENT_PROJECT_VERSION = 1;
				DEVELOPMENT_TEAM = TY5D58VV85;
				GENERATE_INFOPLIST_FILE = YES;
				INFOPLIST_FILE = "zola-app/Info.plist";
				INFOPLIST_KEY_UIApplicationSupportsIndirectInputEvents = YES;
				INFOPLIST_KEY_UILaunchStoryboardName = LaunchScreen;
				INFOPLIST_KEY_UIMainStoryboardFile = Main;
				INFOPLIST_KEY_UISupportedInterfaceOrientations_iPad = "UIInterfaceOrientationPortrait UIInterfaceOrientationPortraitUpsideDown UIInterfaceOrientationLandscapeLeft UIInterfaceOrientationLandscapeRight";
				INFOPLIST_KEY_UISupportedInterfaceOrientations_iPhone = "UIInterfaceOrientationPortrait UIInterfaceOrientationLandscapeLeft UIInterfaceOrientationLandscapeRight";
				IPHONEOS_DEPLOYMENT_TARGET = 13.0;
				LD_RUNPATH_SEARCH_PATHS = (
					"$(inherited)",
					"@executable_path/Frameworks",
				);
				MARKETING_VERSION = 1.0;
				PRODUCT_BUNDLE_IDENTIFIER = "online.linxz.zola-app";
				PRODUCT_NAME = "$(TARGET_NAME)";
				SUPPORTED_PLATFORMS = "iphoneos iphonesimulator";
				SUPPORTS_MACCATALYST = YES;
				SWIFT_EMIT_LOC_STRINGS = YES;
				SWIFT_VERSION = 5.0;
				TARGETED_DEVICE_FAMILY = "1,2";
			};
			name = Release;
		};
/* End XCBuildConfiguration section */

/* Begin XCConfigurationList section */
		8D7D5A602CF758CB00155327 /* Build configuration list for PBXProject "zola-app" */ = {
			isa = XCConfigurationList;
			buildConfigurations = (
				8D7D5A772CF758CE00155327 /* Debug */,
				8D7D5A782CF758CE00155327 /* Release */,
			);
			defaultConfigurationIsVisible = 0;
			defaultConfigurationName = Release;
		};
		8D7D5A792CF758CE00155327 /* Build configuration list for PBXNativeTarget "zola-app" */ = {
			isa = XCConfigurationList;
			buildConfigurations = (
				8D7D5A7A2CF758CE00155327 /* Debug */,
				8D7D5A7B2CF758CE00155327 /* Release */,
			);
			defaultConfigurationIsVisible = 0;
			defaultConfigurationName = Release;
		};
/* End XCConfigurationList section */

/* Begin XCRemoteSwiftPackageReference section */
		8D7D5A7E2CF9FDA800155327 /* XCRemoteSwiftPackageReference "IQKeyboardManager" */ = {
			isa = XCRemoteSwiftPackageReference;
			repositoryURL = "https://github.com/hackiftekhar/IQKeyboardManager.git";
			requirement = {
				kind = upToNextMajorVersion;
				minimumVersion = 8.0.0;
			};
		};
		8D7D5A812CFA045B00155327 /* XCRemoteSwiftPackageReference "MarkdownView" */ = {
			isa = XCRemoteSwiftPackageReference;
			repositoryURL = "https://github.com/keitaoouchi/MarkdownView.git";
			requirement = {
				kind = upToNextMajorVersion;
				minimumVersion = 1.9.1;
			};
		};
		8D7D5A842CFA0AEB00155327 /* XCRemoteSwiftPackageReference "Down" */ = {
			isa = XCRemoteSwiftPackageReference;
			repositoryURL = "https://github.com/johnxnguyen/Down.git";
			requirement = {
				branch = master;
				kind = branch;
			};
		};
		8DA2FFFC2CFB512C00E679EC /* XCRemoteSwiftPackageReference "SwiftDown" */ = {
			isa = XCRemoteSwiftPackageReference;
			repositoryURL = "https://github.com/qeude/SwiftDown.git";
			requirement = {
				kind = upToNextMajorVersion;
				minimumVersion = 0.4.1;
			};
		};
/* End XCRemoteSwiftPackageReference section */

/* Begin XCSwiftPackageProductDependency section */
		8D7D5A7F2CF9FDA800155327 /* IQKeyboardManagerSwift */ = {
			isa = XCSwiftPackageProductDependency;
			package = 8D7D5A7E2CF9FDA800155327 /* XCRemoteSwiftPackageReference "IQKeyboardManager" */;
			productName = IQKeyboardManagerSwift;
		};
		8D7D5A852CFA0AEB00155327 /* Down */ = {
			isa = XCSwiftPackageProductDependency;
			package = 8D7D5A842CFA0AEB00155327 /* XCRemoteSwiftPackageReference "Down" */;
			productName = Down;
		};
		8DA2FFFD2CFB512C00E679EC /* SwiftDown */ = {
			isa = XCSwiftPackageProductDependency;
			package = 8DA2FFFC2CFB512C00E679EC /* XCRemoteSwiftPackageReference "SwiftDown" */;
			productName = SwiftDown;
		};
/* End XCSwiftPackageProductDependency section */
	};
	rootObject = 8D7D5A5D2CF758CB00155327 /* Project object */;
}
